# @generated - this file is auto-generated by `mise lock` https://mise.jdx.dev/dev-tools/mise-lock.html

[[tools."aqua:astral-sh/uv"]]
version = "0.12.5"
backend = "aqua:astral-sh/uv"

[tools."aqua:astral-sh/uv"."platforms.linux-arm64"]
checksum = "sha256:8767a0e77f2cd45436401b1b42bf7e9ed5a4a91a74a5305d6fe93249d0f6dbc5"
url = "https://github.com/astral-sh/uv/releases/download/0.12.5/uv-aarch64-unknown-linux-musl.tar.gz"
url_api = "https://api.github.com/repos/astral-sh/uv/releases/assets/514850993"
provenance = "github-attestations"

[tools."aqua:astral-sh/uv"."platforms.linux-x64"]
checksum = "sha256:a4742988791c9aeae68c78150d6cba762062ad2a47e53738c2779d2b596bfcdb"
url = "https://github.com/astral-sh/uv/releases/download/0.12.5/uv-x86_64-unknown-linux-musl.tar.gz"
url_api = "https://api.github.com/repos/astral-sh/uv/releases/assets/514851105"
provenance = "github-attestations"

[tools."aqua:astral-sh/uv"."platforms.macos-arm64"]
checksum = "sha256:5bb0e5fe008a773c3dbcb97ff79cd89e1241464fe9d2f986d52ad8f1b037bd62"
url = "https://github.com/astral-sh/uv/releases/download/0.12.5/uv-aarch64-apple-darwin.tar.gz"
url_api = "https://api.github.com/repos/astral-sh/uv/releases/assets/514850968"
provenance = "github-attestations"

[tools."aqua:astral-sh/uv"."platforms.macos-x64"]
checksum = "sha256:b3b2137477cf96c9686ebfb71524614cec780c673fd73e59bce099aef02e70e8"
url = "https://github.com/astral-sh/uv/releases/download/0.12.5/uv-x86_64-apple-darwin.tar.gz"
url_api = "https://api.github.com/repos/astral-sh/uv/releases/assets/514851078"
provenance = "github-attestations"

[tools."aqua:astral-sh/uv"."platforms.windows-x64"]
checksum = "sha256:4c4d49d8738847d9b71ba319e49a5688c93eac0fe6204b1df24e98528dddf39a"
url = "https://github.com/astral-sh/uv/releases/download/0.12.5/uv-x86_64-pc-windows-msvc.zip"
url_api = "https://api.github.com/repos/astral-sh/uv/releases/assets/514851084"
provenance = "github-attestations"

[[tools."github:houseabsolute/precious"]]
version = "0.11.0"
backend = "github:houseabsolute/precious"

[tools."github:houseabsolute/precious"."platforms.linux-arm64"]
checksum = "sha256:44d98091a988671786a99d8025b169c76bb08718ffa8f793a80ae1aa97ca5472"
url = "https://github.com/houseabsolute/precious/releases/download/v0.11.0/precious-Linux-musl-arm64.tar.gz"
url_api = "https://api.github.com/repos/houseabsolute/precious/releases/assets/434639525"

[tools."github:houseabsolute/precious"."platforms.linux-x64"]
checksum = "sha256:6a267a3e309ebd39ef36352e283b2ad70066ccb61e4b04785afbd85df3fa76b4"
url = "https://github.com/houseabsolute/precious/releases/download/v0.11.0/precious-Linux-musl-x86_64.tar.gz"
url_api = "https://api.github.com/repos/houseabsolute/precious/releases/assets/434639494"

[tools."github:houseabsolute/precious"."platforms.macos-arm64"]
checksum = "sha256:e6cbdba5261c15e3eb9208af928facff50c883bb11c0dd0c10766379285c75b9"
url = "https://github.com/houseabsolute/precious/releases/download/v0.11.0/precious-macOS-arm64.tar.gz"
url_api = "https://api.github.com/repos/houseabsolute/precious/releases/assets/434639276"

[tools."github:houseabsolute/precious"."platforms.macos-x64"]
checksum = "sha256:5500304c379686acd0cb852ad9f32e20baaab939f7fbc1f75f1ec0583f4bd676"
url = "https://github.com/houseabsolute/precious/releases/download/v0.11.0/precious-macOS-x86_64.tar.gz"
url_api = "https://api.github.com/repos/houseabsolute/precious/releases/assets/434639281"

[tools."github:houseabsolute/precious"."platforms.windows-x64"]
checksum = "sha256:bc5dfb482675ef79798fa578dc5f8edea1cd9f2b5d7bdc5bb02b4a9590f54467"
url = "https://github.com/houseabsolute/precious/releases/download/v0.11.0/precious-Windows-msvc-x86_64.zip"
url_api = "https://api.github.com/repos/houseabsolute/precious/releases/assets/434640219"

[[tools.node]]
version = "26.7.0"
backend = "core:node"

[tools.node."platforms.linux-arm64"]
checksum = "sha256:925aa6157dd37542d0d7f2e28b7bf61e7b39284411210b0498bc3788db4aef68"
url = "https://nodejs.org/dist/v26.7.0/node-v26.7.0-linux-arm64.tar.gz"

[tools.node."platforms.linux-x64"]
checksum = "sha256:bd6b6c31e377bad9ad579bed72e5bc11f4c879ac9452ad51d30e646ea3d828df"
url = "https://nodejs.org/dist/v26.7.0/node-v26.7.0-linux-x64.tar.gz"

[tools.node."platforms.macos-arm64"]
checksum = "sha256:7ee659a7768e641bbfd5360940660b8e8fd0052f77488f365562bac522fc15d4"
url = "https://nodejs.org/dist/v26.7.0/node-v26.7.0-darwin-arm64.tar.gz"

[tools.node."platforms.macos-x64"]
checksum = "sha256:f279d1ed28ce57f7788bf23435d2ad7fdd7438904ad5c4d8a1081a7cde3d4b96"
url = "https://nodejs.org/dist/v26.7.0/node-v26.7.0-darwin-x64.tar.gz"

[tools.node."platforms.windows-x64"]
checksum = "sha256:d3bd72755141ed32bbcd841228ee81897c8a98d50dfa7dae2179399a0a7c90f8"
url = "https://nodejs.org/dist/v26.7.0/node-v26.7.0-win-x64.zip"

[[tools."npm:prettier"]]
version = "3.9.6"
backend = "npm:prettier"
