[[tools."aqua:astral-sh/uv"]]
version = "0.9.28"
backend = "aqua:astral-sh/uv"
"platforms.linux-arm64" = { checksum = "sha256:eec3249254efac972d2555ff858f8ed20f05b40fbb38ac83b15cf0a2ccc86749", url = "https://github.com/astral-sh/uv/releases/download/0.9.28/uv-aarch64-unknown-linux-musl.tar.gz"}
"platforms.linux-x64" = { checksum = "sha256:83cd032167b6b97ac94830608efe11159b3d485654e39fdb0bf84718ef236afe", url = "https://github.com/astral-sh/uv/releases/download/0.9.28/uv-x86_64-unknown-linux-musl.tar.gz"}
"platforms.macos-arm64" = { checksum = "sha256:12163fe09eb292d3ad1ea0f132a84485c902e2ff360d57562bf676e6615fcba0", url = "https://github.com/astral-sh/uv/releases/download/0.9.28/uv-aarch64-apple-darwin.tar.gz"}
"platforms.macos-x64" = { checksum = "sha256:3a8030881d13b824e5168f5e4d060e715e40753249766bda3d52d6771d93b169", url = "https://github.com/astral-sh/uv/releases/download/0.9.28/uv-x86_64-apple-darwin.tar.gz"}
"platforms.windows-x64" = { checksum = "sha256:9cb567fcd92f31431220ce620787043b946c30b9bb46ca213780e5ef471453be", url = "https://github.com/astral-sh/uv/releases/download/0.9.28/uv-x86_64-pc-windows-msvc.zip"}

[[tools."github:houseabsolute/precious"]]
version = "0.10.2"
backend = "github:houseabsolute/precious"
"platforms.linux-arm64" = { checksum = "sha256:8fbaead9f9626170549c3121e67d1bc81193b3bb086e29576f548aefa839fcc4", url = "https://github.com/houseabsolute/precious/releases/download/v0.10.2/precious-Linux-musl-arm64.tar.gz", url_api = "https://api.github.com/repos/houseabsolute/precious/releases/assets/345520042"}
"platforms.linux-x64" = { checksum = "sha256:3d717d906db338f63017766b07982dc9055773e1b3bec6d3f432d1f0ad9676bb", url = "https://github.com/houseabsolute/precious/releases/download/v0.10.2/precious-Linux-musl-x86_64.tar.gz", url_api = "https://api.github.com/repos/houseabsolute/precious/releases/assets/345519861"}
"platforms.macos-arm64" = { checksum = "sha256:04157c64459bb6ab029295b21b112077040ad2575b34508d84b19a839551cddb", url = "https://github.com/houseabsolute/precious/releases/download/v0.10.2/precious-macOS-arm64.tar.gz", url_api = "https://api.github.com/repos/houseabsolute/precious/releases/assets/345519985"}
"platforms.macos-x64" = { checksum = "sha256:9932defd246d0771530357463bdb55582557fd7381853cb4dc2074e36ad0cc84", url = "https://github.com/houseabsolute/precious/releases/download/v0.10.2/precious-macOS-x86_64.tar.gz", url_api = "https://api.github.com/repos/houseabsolute/precious/releases/assets/345519772"}
"platforms.windows-x64" = { checksum = "sha256:9d683d1730e302c646ccb90a23d313e7a548c8b23b5abf7d24e19ff6befe763d", url = "https://github.com/houseabsolute/precious/releases/download/v0.10.2/precious-Windows-msvc-x86_64.zip", url_api = "https://api.github.com/repos/houseabsolute/precious/releases/assets/345520544"}

[[tools.python]]
version = "3.13.11"
backend = "core:python"
